
Microsoft Visual Studio Solution File, Format Version 12.00
# Visual Studio 15
VisualStudioVersion = 15.0.27428.2037
MinimumVisualStudioVersion = 10.0.40219.1
Project("{FAE04EC0-301F-11D3-BF4B-00C04F79EFBC}") = "10_11_2018", "10_11_2018\10_11_2018.csproj", "{44BFE64C-065D-49A6-A0EF-4E9A335AE81A}"
EndProject
Global
	GlobalSection(SolutionConfigurationPlatforms) = preSolution
		Debug|Any CPU = Debug|Any CPU
		Release|Any CPU = Release|Any CPU
	EndGlobalSection
	GlobalSection(ProjectConfigurationPlatforms) = postSolution
		{44BFE64C-065D-49A6-A0EF-4E9A335AE81A}.Debug|Any CPU.ActiveCfg = Debug|Any CPU
		{44BFE64C-065D-49A6-A0EF-4E9A335AE81A}.Debug|Any CPU.Build.0 = Debug|Any CPU
		{44BFE64C-065D-49A6-A0EF-4E9A335AE81A}.Release|Any CPU.ActiveCfg = Release|Any CPU
		{44BFE64C-065D-49A6-A0EF-4E9A335AE81A}.Release|Any CPU.Build.0 = Release|Any CPU
	EndGlobalSection
	GlobalSection(SolutionProperties) = preSolution
		HideSolutionNode = FALSE
	EndGlobalSection
	GlobalSection(ExtensibilityGlobals) = postSolution
		SolutionGuid = {84578A1F-D817-4B96-B653-F526AB6FACE5}
	EndGlobalSection
EndGlobal
